
Microsoft Visual Studio Solution File, Format Version 12.00
# Visual Studio Version 17
VisualStudioVersion = 17.3.32929.385
MinimumVisualStudioVersion = 10.0.40219.1
Project("{FAE04EC0-301F-11D3-BF4B-00C04F79EFBC}") = "CodingChallenge", "CodingChallenge\CodingChallenge.csproj", "{183CA881-BEA2-4ABD-8DF1-1E27726FF8A4}"
EndProject
Project("{FAE04EC0-301F-11D3-BF4B-00C04F79EFBC}") = "CodingChallengeTests", "CodingChallengeTests\CodingChallengeTests.csproj", "{4E51448C-193B-43EF-A516-9B1B8EEA5899}"
EndProject
Global
	GlobalSection(SolutionConfigurationPlatforms) = preSolution
		Debug|Any CPU = Debug|Any CPU
		Release|Any CPU = Release|Any CPU
	EndGlobalSection
	GlobalSection(ProjectConfigurationPlatforms) = postSolution
		{183CA881-BEA2-4ABD-8DF1-1E27726FF8A4}.Debug|Any CPU.ActiveCfg = Debug|Any CPU
		{183CA881-BEA2-4ABD-8DF1-1E27726FF8A4}.Debug|Any CPU.Build.0 = Debug|Any CPU
		{183CA881-BEA2-4ABD-8DF1-1E27726FF8A4}.Release|Any CPU.ActiveCfg = Release|Any CPU
		{183CA881-BEA2-4ABD-8DF1-1E27726FF8A4}.Release|Any CPU.Build.0 = Release|Any CPU
		{4E51448C-193B-43EF-A516-9B1B8EEA5899}.Debug|Any CPU.ActiveCfg = Debug|Any CPU
		{4E51448C-193B-43EF-A516-9B1B8EEA5899}.Debug|Any CPU.Build.0 = Debug|Any CPU
		{4E51448C-193B-43EF-A516-9B1B8EEA5899}.Release|Any CPU.ActiveCfg = Release|Any CPU
		{4E51448C-193B-43EF-A516-9B1B8EEA5899}.Release|Any CPU.Build.0 = Release|Any CPU
	EndGlobalSection
	GlobalSection(SolutionProperties) = preSolution
		HideSolutionNode = FALSE
	EndGlobalSection
	GlobalSection(ExtensibilityGlobals) = postSolution
		SolutionGuid = {ADCE450D-AFAE-43EB-B38A-532D4BCF27BA}
	EndGlobalSection
EndGlobal
